
Microsoft Visual Studio Solution File, Format Version 12.00
# Visual Studio Version 16
VisualStudioVersion = 16.0.30114.105
MinimumVisualStudioVersion = 10.0.40219.1
Project("{FAE04EC0-301F-11D3-BF4B-00C04F79EFBC}") = "API", "API\API.csproj", "{A345DE0A-7EC6-48E6-9445-ECFF7A56BFA3}"
EndProject
Project("{FAE04EC0-301F-11D3-BF4B-00C04F79EFBC}") = "Core", "Core\Core.csproj", "{10E5DC69-9FAB-41C6-8739-7D942DDCD820}"
EndProject
Project("{FAE04EC0-301F-11D3-BF4B-00C04F79EFBC}") = "Infrastructure", "Infrastructure\Infrastructure.csproj", "{D6CD97CA-6988-4668-BF12-1530721AC215}"
EndProject
Global
	GlobalSection(SolutionConfigurationPlatforms) = preSolution
		Debug|Any CPU = Debug|Any CPU
		Debug|x64 = Debug|x64
		Debug|x86 = Debug|x86
		Release|Any CPU = Release|Any CPU
		Release|x64 = Release|x64
		Release|x86 = Release|x86
	EndGlobalSection
	GlobalSection(SolutionProperties) = preSolution
		HideSolutionNode = FALSE
	EndGlobalSection
	GlobalSection(ProjectConfigurationPlatforms) = postSolution
		{A345DE0A-7EC6-48E6-9445-ECFF7A56BFA3}.Debug|Any CPU.ActiveCfg = Debug|Any CPU
		{A345DE0A-7EC6-48E6-9445-ECFF7A56BFA3}.Debug|Any CPU.Build.0 = Debug|Any CPU
		{A345DE0A-7EC6-48E6-9445-ECFF7A56BFA3}.Debug|x64.ActiveCfg = Debug|Any CPU
		{A345DE0A-7EC6-48E6-9445-ECFF7A56BFA3}.Debug|x64.Build.0 = Debug|Any CPU
		{A345DE0A-7EC6-48E6-9445-ECFF7A56BFA3}.Debug|x86.ActiveCfg = Debug|Any CPU
		{A345DE0A-7EC6-48E6-9445-ECFF7A56BFA3}.Debug|x86.Build.0 = Debug|Any CPU
		{A345DE0A-7EC6-48E6-9445-ECFF7A56BFA3}.Release|Any CPU.ActiveCfg = Release|Any CPU
		{A345DE0A-7EC6-48E6-9445-ECFF7A56BFA3}.Release|Any CPU.Build.0 = Release|Any CPU
		{A345DE0A-7EC6-48E6-9445-ECFF7A56BFA3}.Release|x64.ActiveCfg = Release|Any CPU
		{A345DE0A-7EC6-48E6-9445-ECFF7A56BFA3}.Release|x64.Build.0 = Release|Any CPU
		{A345DE0A-7EC6-48E6-9445-ECFF7A56BFA3}.Release|x86.ActiveCfg = Release|Any CPU
		{A345DE0A-7EC6-48E6-9445-ECFF7A56BFA3}.Release|x86.Build.0 = Release|Any CPU
		{10E5DC69-9FAB-41C6-8739-7D942DDCD820}.Debug|Any CPU.ActiveCfg = Debug|Any CPU
		{10E5DC69-9FAB-41C6-8739-7D942DDCD820}.Debug|Any CPU.Build.0 = Debug|Any CPU
		{10E5DC69-9FAB-41C6-8739-7D942DDCD820}.Debug|x64.ActiveCfg = Debug|Any CPU
		{10E5DC69-9FAB-41C6-8739-7D942DDCD820}.Debug|x64.Build.0 = Debug|Any CPU
		{10E5DC69-9FAB-41C6-8739-7D942DDCD820}.Debug|x86.ActiveCfg = Debug|Any CPU
		{10E5DC69-9FAB-41C6-8739-7D942DDCD820}.Debug|x86.Build.0 = Debug|Any CPU
		{10E5DC69-9FAB-41C6-8739-7D942DDCD820}.Release|Any CPU.ActiveCfg = Release|Any CPU
		{10E5DC69-9FAB-41C6-8739-7D942DDCD820}.Release|Any CPU.Build.0 = Release|Any CPU
		{10E5DC69-9FAB-41C6-8739-7D942DDCD820}.Release|x64.ActiveCfg = Release|Any CPU
		{10E5DC69-9FAB-41C6-8739-7D942DDCD820}.Release|x64.Build.0 = Release|Any CPU
		{10E5DC69-9FAB-41C6-8739-7D942DDCD820}.Release|x86.ActiveCfg = Release|Any CPU
		{10E5DC69-9FAB-41C6-8739-7D942DDCD820}.Release|x86.Build.0 = Release|Any CPU
		{D6CD97CA-6988-4668-BF12-1530721AC215}.Debug|Any CPU.ActiveCfg = Debug|Any CPU
		{D6CD97CA-6988-4668-BF12-1530721AC215}.Debug|Any CPU.Build.0 = Debug|Any CPU
		{D6CD97CA-6988-4668-BF12-1530721AC215}.Debug|x64.ActiveCfg = Debug|Any CPU
		{D6CD97CA-6988-4668-BF12-1530721AC215}.Debug|x64.Build.0 = Debug|Any CPU
		{D6CD97CA-6988-4668-BF12-1530721AC215}.Debug|x86.ActiveCfg = Debug|Any CPU
		{D6CD97CA-6988-4668-BF12-1530721AC215}.Debug|x86.Build.0 = Debug|Any CPU
		{D6CD97CA-6988-4668-BF12-1530721AC215}.Release|Any CPU.ActiveCfg = Release|Any CPU
		{D6CD97CA-6988-4668-BF12-1530721AC215}.Release|Any CPU.Build.0 = Release|Any CPU
		{D6CD97CA-6988-4668-BF12-1530721AC215}.Release|x64.ActiveCfg = Release|Any CPU
		{D6CD97CA-6988-4668-BF12-1530721AC215}.Release|x64.Build.0 = Release|Any CPU
		{D6CD97CA-6988-4668-BF12-1530721AC215}.Release|x86.ActiveCfg = Release|Any CPU
		{D6CD97CA-6988-4668-BF12-1530721AC215}.Release|x86.Build.0 = Release|Any CPU
	EndGlobalSection
EndGlobal
